// !$*UTF8*$!
{
	archiveVersion = 1;
	classes = {
	};
	objectVersion = 46;
	objects = {

/* Begin PBXBuildFile section */
		A05A5FF01EF814CE0092BA88 /* AppDelegate.swift in Sources */ = {isa = PBXBuildFile; fileRef = A05A5FEF1EF814CE0092BA88 /* AppDelegate.swift */; };
		A05A5FF21EF814CE0092BA88 /* ViewController.swift in Sources */ = {isa = PBXBuildFile; fileRef = A05A5FF11EF814CE0092BA88 /* ViewController.swift */; };
		A05A5FF51EF814CE0092BA88 /* Main.storyboard in Resources */ = {isa = PBXBuildFile; fileRef = A05A5FF31EF814CE0092BA88 /* Main.storyboard */; };
		A05A5FF81EF814CE0092BA88 /* Notes_Clone.xcdatamodeld in Sources */ = {isa = PBXBuildFile; fileRef = A05A5FF61EF814CE0092BA88 /* Notes_Clone.xcdatamodeld */; };
		A05A5FFA1EF814CE0092BA88 /* Assets.xcassets in Resources */ = {isa = PBXBuildFile; fileRef = A05A5FF91EF814CE0092BA88 /* Assets.xcassets */; };
		A05A5FFD1EF814CE0092BA88 /* LaunchScreen.storyboard in Resources */ = {isa = PBXBuildFile; fileRef = A05A5FFB1EF814CE0092BA88 /* LaunchScreen.storyboard */; };
/* End PBXBuildFile section */

/* Begin PBXFileReference section */
		A05A5FEC1EF814CE0092BA88 /* Notes Clone.app */ = {isa = PBXFileReference; explicitFileType = wrapper.application; includeInIndex = 0; path = "Notes Clone.app"; sourceTree = BUILT_PRODUCTS_DIR; };
		A05A5FEF1EF814CE0092BA88 /* AppDelegate.swift */ = {isa = PBXFileReference; lastKnownFileType = sourcecode.swift; path = AppDelegate.swift; sourceTree = "<group>"; };
		A05A5FF11EF814CE0092BA88 /* ViewController.swift */ = {isa = PBXFileReference; lastKnownFileType = sourcecode.swift; path = ViewController.swift; sourceTree = "<group>"; };
		A05A5FF41EF814CE0092BA88 /* Base */ = {isa = PBXFileReference; lastKnownFileType = file.storyboard; name = Base; path = Base.lproj/Main.storyboard; sourceTree = "<group>"; };
		A05A5FF71EF814CE0092BA88 /* Notes_Clone.xcdatamodel */ = {isa = PBXFileReference; lastKnownFileType = wrapper.xcdatamodel; path = Notes_Clone.xcdatamodel; sourceTree = "<group>"; };
		A05A5FF91EF814CE0092BA88 /* Assets.xcassets */ = {isa = PBXFileReference; lastKnownFileType = folder.assetcatalog; path = Assets.xcassets; sourceTree = "<group>"; };
		A05A5FFC1EF814CE0092BA88 /* Base */ = {isa = PBXFileReference; lastKnownFileType = file.storyboard; name = Base; path = Base.lproj/LaunchScreen.storyboard; sourceTree = "<group>"; };
		A05A5FFE1EF814CE0092BA88 /* Info.plist */ = {isa = PBXFileReference; lastKnownFileType = text.plist.xml; path = Info.plist; sourceTree = "<group>"; };
/* End PBXFileReference section */

/* Begin PBXFrameworksBuildPhase section */
		A05A5FE91EF814CE0092BA88 /* Frameworks */ = {
			isa = PBXFrameworksBuildPhase;
			buildActionMask = 2147483647;
			files = (
			);
			runOnlyForDeploymentPostprocessing = 0;
		};
/* End PBXFrameworksBuildPhase section */

/* Begin PBXGroup section */
		A05A5FE31EF814CE0092BA88 = {
			isa = PBXGroup;
			children = (
				A05A5FEE1EF814CE0092BA88 /* Notes Clone */,
				A05A5FED1EF814CE0092BA88 /* Products */,
			);
			sourceTree = "<group>";
		};
		A05A5FED1EF814CE0092BA88 /* Products */ = {
			isa = PBXGroup;
			children = (
				A05A5FEC1EF814CE0092BA88 /* Notes Clone.app */,
			);
			name = Products;
			sourceTree = "<group>";
		};
		A05A5FEE1EF814CE0092BA88 /* Notes Clone */ = {
			isa = PBXGroup;
			children = (
				A05A5FEF1EF814CE0092BA88 /* AppDelegate.swift */,
				A05A5FF11EF814CE0092BA88 /* ViewController.swift */,
				A05A5FF31EF814CE0092BA88 /* Main.storyboard */,
				A05A5FF91EF814CE0092BA88 /* Assets.xcassets */,
				A05A5FFB1EF814CE0092BA88 /* LaunchScreen.storyboard */,
				A05A5FFE1EF814CE0092BA88 /* Info.plist */,
				A05A5FF61EF814CE0092BA88 /* Notes_Clone.xcdatamodeld */,
			);
			path = "Notes Clone";
			sourceTree = "<group>";
		};
/* End PBXGroup section */

/* Begin PBXNativeTarget section */
		A05A5FEB1EF814CE0092BA88 /* Notes Clone */ = {
			isa = PBXNativeTarget;
			buildConfigurationList = A05A60011EF814CE0092BA88 /* Build configuration list for PBXNativeTarget "Notes Clone" */;
			buildPhases = (
				A05A5FE81EF814CE0092BA88 /* Sources */,
				A05A5FE91EF814CE0092BA88 /* Frameworks */,
				A05A5FEA1EF814CE0092BA88 /* Resources */,
			);
			buildRules = (
			);
			dependencies = (
			);
			name = "Notes Clone";
			productName = "Notes Clone";
			productReference = A05A5FEC1EF814CE0092BA88 /* Notes Clone.app */;
			productType = "com.apple.product-type.application";
		};
/* End PBXNativeTarget section */

/* Begin PBXProject section */
		A05A5FE41EF814CE0092BA88 /* Project object */ = {
			isa = PBXProject;
			attributes = {
				LastSwiftUpdateCheck = 0810;
				LastUpgradeCheck = 0810;
				ORGANIZATIONNAME = "Robert G Tichy";
				TargetAttributes = {
					A05A5FEB1EF814CE0092BA88 = {
						CreatedOnToolsVersion = 8.1;
						DevelopmentTeam = CCNT9VP9NS;
						ProvisioningStyle = Automatic;
					};
				};
			};
			buildConfigurationList = A05A5FE71EF814CE0092BA88 /* Build configuration list for PBXProject "Notes Clone" */;
			compatibilityVersion = "Xcode 3.2";
			developmentRegion = English;
			hasScannedForEncodings = 0;
			knownRegions = (
				en,
				Base,
			);
			mainGroup = A05A5FE31EF814CE0092BA88;
			productRefGroup = A05A5FED1EF814CE0092BA88 /* Products */;
			projectDirPath = "";
			projectRoot = "";
			targets = (
				A05A5FEB1EF814CE0092BA88 /* Notes Clone */,
			);
		};
/* End PBXProject section */

/* Begin PBXResourcesBuildPhase section */
		A05A5FEA1EF814CE0092BA88 /* Resources */ = {
			isa = PBXResourcesBuildPhase;
			buildActionMask = 2147483647;
			files = (
				A05A5FFD1EF814CE0092BA88 /* LaunchScreen.storyboard in Resources */,
				A05A5FFA1EF814CE0092BA88 /* Assets.xcassets in Resources */,
				A05A5FF51EF814CE0092BA88 /* Main.storyboard in Resources */,
			);
			runOnlyForDeploymentPostprocessing = 0;
		};
/* End PBXResourcesBuildPhase section */

/* Begin PBXSourcesBuildPhase section */
		A05A5FE81EF814CE0092BA88 /* Sources */ = {
			isa = PBXSourcesBuildPhase;
			buildActionMask = 2147483647;
			files = (
				A05A5FF21EF814CE0092BA88 /* ViewController.swift in Sources */,
				A05A5FF01EF814CE0092BA88 /* AppDelegate.swift in Sources */,
				A05A5FF81EF814CE0092BA88 /* Notes_Clone.xcdatamodeld in Sources */,
			);
			runOnlyForDeploymentPostprocessing = 0;
		};
/* End PBXSourcesBuildPhase section */

/* Begin PBXVariantGroup section */
		A05A5FF31EF814CE0092BA88 /* Main.storyboard */ = {
			isa = PBXVariantGroup;
			children = (
				A05A5FF41EF814CE0092BA88 /* Base */,
			);
			name = Main.storyboard;
			sourceTree = "<group>";
		};
		A05A5FFB1EF814CE0092BA88 /* LaunchScreen.storyboard */ = {
			isa = PBXVariantGroup;
			children = (
				A05A5FFC1EF814CE0092BA88 /* Base */,
			);
			name = LaunchScreen.storyboard;
			sourceTree = "<group>";
		};
/* End PBXVariantGroup section */

/* Begin XCBuildConfiguration section */
		A05A5FFF1EF814CE0092BA88 /* Debug */ = {
			isa = XCBuildConfiguration;
			buildSettings = {
				ALWAYS_SEARCH_USER_PATHS = NO;
				CLANG_ANALYZER_NONNULL = YES;
				CLANG_CXX_LANGUAGE_STANDARD = "gnu++0x";
				CLANG_CXX_LIBRARY = "libc++";
				CLANG_ENABLE_MODULES = YES;
				CLANG_ENABLE_OBJC_ARC = YES;
				CLANG_WARN_BOOL_CONVERSION = YES;
				CLANG_WARN_CONSTANT_CONVERSION = YES;
				CLANG_WARN_DIRECT_OBJC_ISA_USAGE = YES_ERROR;
				CLANG_WARN_DOCUMENTATION_COMMENTS = YES;
				CLANG_WARN_EMPTY_BODY = YES;
				CLANG_WARN_ENUM_CONVERSION = YES;
				CLANG_WARN_INFINITE_RECURSION = YES;
				CLANG_WARN_INT_CONVERSION = YES;
				CLANG_WARN_OBJC_ROOT_CLASS = YES_ERROR;
				CLANG_WARN_SUSPICIOUS_MOVES = YES;
				CLANG_WARN_UNREACHABLE_CODE = YES;
				CLANG_WARN__DUPLICATE_METHOD_MATCH = YES;
				"CODE_SIGN_IDENTITY[sdk=iphoneos*]" = "iPhone Developer";
				COPY_PHASE_STRIP = NO;
				DEBUG_INFORMATION_FORMAT = dwarf;
				ENABLE_STRICT_OBJC_MSGSEND = YES;
				ENABLE_TESTABILITY = YES;
				GCC_C_LANGUAGE_STANDARD = gnu99;
				GCC_DYNAMIC_NO_PIC = NO;
				GCC_NO_COMMON_BLOCKS = YES;
				GCC_OPTIMIZATION_LEVEL = 0;
				GCC_PREPROCESSOR_DEFINITIONS = (
					"DEBUG=1",
					"$(inherited)",
				);
				GCC_WARN_64_TO_32_BIT_CONVERSION = YES;
				GCC_WARN_ABOUT_RETURN_TYPE = YES_ERROR;
				GCC_WARN_UNDECLARED_SELECTOR = YES;
				GCC_WARN_UNINITIALIZED_AUTOS = YES_AGGRESSIVE;
				GCC_WARN_UNUSED_FUNCTION = YES;
				GCC_WARN_UNUSED_VARIABLE = YES;
				IPHONEOS_DEPLOYMENT_TARGET = 10.1;
				MTL_ENABLE_DEBUG_INFO = YES;
				ONLY_ACTIVE_ARCH = YES;
				SDKROOT = iphoneos;
				SWIFT_ACTIVE_COMPILATION_CONDITIONS = DEBUG;
				SWIFT_OPTIMIZATION_LEVEL = "-Onone";
				TARGETED_DEVICE_FAMILY = "1,2";
			};
			name = Debug;
		};
		A05A60001EF814CE0092BA88 /* Release */ = {
			isa = XCBuildConfiguration;
			buildSettings = {
				ALWAYS_SEARCH_USER_PATHS = NO;
				CLANG_ANALYZER_NONNULL = YES;
				CLANG_CXX_LANGUAGE_STANDARD = "gnu++0x";
				CLANG_CXX_LIBRARY = "libc++";
				CLANG_ENABLE_MODULES = YES;
				CLANG_ENABLE_OBJC_ARC = YES;
				CLANG_WARN_BOOL_CONVERSION = YES;
				CLANG_WARN_CONSTANT_CONVERSION = YES;
				CLANG_WARN_DIRECT_OBJC_ISA_USAGE = YES_ERROR;
				CLANG_WARN_DOCUMENTATION_COMMENTS = YES;
				CLANG_WARN_EMPTY_BODY = YES;
				CLANG_WARN_ENUM_CONVERSION = YES;
				CLANG_WARN_INFINITE_RECURSION = YES;
				CLANG_WARN_INT_CONVERSION = YES;
				CLANG_WARN_OBJC_ROOT_CLASS = YES_ERROR;
				CLANG_WARN_SUSPICIOUS_MOVES = YES;
				CLANG_WARN_UNREACHABLE_CODE = YES;
				CLANG_WARN__DUPLICATE_METHOD_MATCH = YES;
				"CODE_SIGN_IDENTITY[sdk=iphoneos*]" = "iPhone Developer";
				COPY_PHASE_STRIP = NO;
				DEBUG_INFORMATION_FORMAT = "dwarf-with-dsym";
				ENABLE_NS_ASSERTIONS = NO;
				ENABLE_STRICT_OBJC_MSGSEND = YES;
				GCC_C_LANGUAGE_STANDARD = gnu99;
				GCC_NO_COMMON_BLOCKS = YES;
				GCC_WARN_64_TO_32_BIT_CONVERSION = YES;
				GCC_WARN_ABOUT_RETURN_TYPE = YES_ERROR;
				GCC_WARN_UNDECLARED_SELECTOR = YES;
				GCC_WARN_UNINITIALIZED_AUTOS = YES_AGGRESSIVE;
				GCC_WARN_UNUSED_FUNCTION = YES;
				GCC_WARN_UNUSED_VARIABLE = YES;
				IPHONEOS_DEPLOYMENT_TARGET = 10.1;
				MTL_ENABLE_DEBUG_INFO = NO;
				SDKROOT = iphoneos;
				SWIFT_OPTIMIZATION_LEVEL = "-Owholemodule";
				TARGETED_DEVICE_FAMILY = "1,2";
				VALIDATE_PRODUCT = YES;
			};
			name = Release;
		};
		A05A60021EF814CE0092BA88 /* Debug */ = {
			isa = XCBuildConfiguration;
			buildSettings = {
				ASSETCATALOG_COMPILER_APPICON_NAME = AppIcon;
				DEVELOPMENT_TEAM = CCNT9VP9NS;
				INFOPLIST_FILE = "Notes Clone/Info.plist";
				LD_RUNPATH_SEARCH_PATHS = "$(inherited) @executable_path/Frameworks";
				PRODUCT_BUNDLE_IDENTIFIER = "Grupo-Tichy-LLC.Notes-Clone";
				PRODUCT_NAME = "$(TARGET_NAME)";
				SWIFT_VERSION = 3.0;
			};
			name = Debug;
		};
		A05A60031EF814CE0092BA88 /* Release */ = {
			isa = XCBuildConfiguration;
			buildSettings = {
				ASSETCATALOG_COMPILER_APPICON_NAME = AppIcon;
				DEVELOPMENT_TEAM = CCNT9VP9NS;
				INFOPLIST_FILE = "Notes Clone/Info.plist";
				LD_RUNPATH_SEARCH_PATHS = "$(inherited) @executable_path/Frameworks";
				PRODUCT_BUNDLE_IDENTIFIER = "Grupo-Tichy-LLC.Notes-Clone";
				PRODUCT_NAME = "$(TARGET_NAME)";
				SWIFT_VERSION = 3.0;
			};
			name = Release;
		};
/* End XCBuildConfiguration section */

/* Begin XCConfigurationList section */
		A05A5FE71EF814CE0092BA88 /* Build configuration list for PBXProject "Notes Clone" */ = {
			isa = XCConfigurationList;
			buildConfigurations = (
				A05A5FFF1EF814CE0092BA88 /* Debug */,
				A05A60001EF814CE0092BA88 /* Release */,
			);
			defaultConfigurationIsVisible = 0;
			defaultConfigurationName = Release;
		};
		A05A60011EF814CE0092BA88 /* Build configuration list for PBXNativeTarget "Notes Clone" */ = {
			isa = XCConfigurationList;
			buildConfigurations = (
				A05A60021EF814CE0092BA88 /* Debug */,
				A05A60031EF814CE0092BA88 /* Release */,
			);
			defaultConfigurationIsVisible = 0;
		};
/* End XCConfigurationList section */

/* Begin XCVersionGroup section */
		A05A5FF61EF814CE0092BA88 /* Notes_Clone.xcdatamodeld */ = {
			isa = XCVersionGroup;
			children = (
				A05A5FF71EF814CE0092BA88 /* Notes_Clone.xcdatamodel */,
			);
			currentVersion = A05A5FF71EF814CE0092BA88 /* Notes_Clone.xcdatamodel */;
			path = Notes_Clone.xcdatamodeld;
			sourceTree = "<group>";
			versionGroupType = wrapper.xcdatamodel;
		};
/* End XCVersionGroup section */
	};
	rootObject = A05A5FE41EF814CE0092BA88 /* Project object */;
}
